schema: '2.0'
stages:
  process_features:
    cmd: uv run python pipelines/process_features.py
    deps:
    - path: fof8-core/src/fof8_core/
      hash: md5
      md5: e65f8074f1fba3f9d1cd8128b0648fe1.dir
      size: 145051
      nfiles: 35
    - path: fof8-gen/data/raw
      hash: md5
      md5: 6d65a79e8705835baee9b453f347030c.dir
      size: 4524800332
      nfiles: 2854
    - path: fof8-ml/src/fof8_ml/data/
      hash: md5
      md5: aec5d43abbb388ed29cd0119514b0c71.dir
      size: 58368
      nfiles: 16
    - path: pipelines/conf/data/
      hash: md5
      md5: 3ada724413755daedd5bf9d8815e3948.dir
      size: 575
      nfiles: 1
    - path: pipelines/conf/transform.yaml
      hash: md5
      md5: 737bb02ef2e4fa5aeb625dc9216db3eb
      size: 169
    - path: pipelines/process_features.py
      hash: md5
      md5: 8d00c47f79230f8725cb30f9c9bcf71a
      size: 1634
    outs:
    - path: fof8-ml/data/processed/features.parquet
      hash: md5
      md5: 2151e8ca10580443191d0a32ac1f95b7
      size: 5548829
  train_model:
    cmd: uv run python pipelines/train.py
    deps:
    - path: fof8-ml/data/processed/features.parquet
      hash: md5
      md5: 2151e8ca10580443191d0a32ac1f95b7
      size: 5548829
      isexec: true
    - path: pipelines/conf/
      hash: md5
      md5: db14f758bf9b31ac1694536f36f6332c.dir
      size: 8224
      nfiles: 19
    - path: pipelines/train.py
      hash: md5
      md5: 3cf8191e58562208091961d9536c5844
      size: 11090
      isexec: true
    outs:
    - path: outputs/metrics.json
      hash: md5
      md5: ae29b755f0b4caeb9635ef475e133f00
      size: 37
  train_classifier:
    cmd: uv run python pipelines/train_classifier.py
    deps:
    - path: fof8-core/src/fof8_core/features/position_masks.py
      hash: md5
      md5: 23fdb25d458f93d8a8b2d33b9a05361c
      size: 901
    - path: fof8-core/src/fof8_core/loader.py
      hash: md5
      md5: c28e600aeda3862e205500606b8a969c
      size: 7241
    - path: fof8-ml/data/processed/features.parquet
      hash: md5
      md5: 2151e8ca10580443191d0a32ac1f95b7
      size: 5548829
    - path: fof8-ml/src/fof8_ml/data/
      hash: md5
      md5: aec5d43abbb388ed29cd0119514b0c71.dir
      size: 58368
      nfiles: 16
    - path: fof8-ml/src/fof8_ml/evaluation/
      hash: md5
      md5: 8117442a90f854b87a9c05916fca8269.dir
      size: 22820
      nfiles: 6
    - path: fof8-ml/src/fof8_ml/models/
      hash: md5
      md5: 90090f0bcba4baaf71ebbde555ae06bc.dir
      size: 60309
      nfiles: 16
    - path: fof8-ml/src/fof8_ml/orchestration/
      hash: md5
      md5: 1425266314e9b2a5d5791c128e1101ce.dir
      size: 139267
      nfiles: 22
    - path: pipelines/conf/
      hash: md5
      md5: 6c2393c7fdaa5c27a404fd7c45272e12.dir
      size: 8595
      nfiles: 20
    - path: pipelines/conf/classifier_pipeline.yaml
      hash: md5
      md5: 539c154d756547ae202e32486ad4f7e5
      size: 1942
    - path: pipelines/train_classifier.py
      hash: md5
      md5: 7502508a07bbcfdc2d00977adec45fc5
      size: 2116
    outs:
    - path: outputs/classifier_metrics.json
      hash: md5
      md5: 6bda38867c847d5eef8cb4998ba0622f
      size: 37
  train_regressor:
    cmd: uv run python pipelines/train_regressor.py
    deps:
    - path: fof8-core/src/fof8_core/features/position_masks.py
      hash: md5
      md5: 23fdb25d458f93d8a8b2d33b9a05361c
      size: 901
    - path: fof8-core/src/fof8_core/loader.py
      hash: md5
      md5: c28e600aeda3862e205500606b8a969c
      size: 7241
    - path: fof8-ml/data/processed/features.parquet
      hash: md5
      md5: 2151e8ca10580443191d0a32ac1f95b7
      size: 5548829
    - path: fof8-ml/src/fof8_ml/data/
      hash: md5
      md5: aec5d43abbb388ed29cd0119514b0c71.dir
      size: 58368
      nfiles: 16
    - path: fof8-ml/src/fof8_ml/evaluation/
      hash: md5
      md5: 8117442a90f854b87a9c05916fca8269.dir
      size: 22820
      nfiles: 6
    - path: fof8-ml/src/fof8_ml/models/
      hash: md5
      md5: 90090f0bcba4baaf71ebbde555ae06bc.dir
      size: 60309
      nfiles: 16
    - path: fof8-ml/src/fof8_ml/orchestration/
      hash: md5
      md5: 1425266314e9b2a5d5791c128e1101ce.dir
      size: 139267
      nfiles: 22
    - path: pipelines/conf/
      hash: md5
      md5: 6c2393c7fdaa5c27a404fd7c45272e12.dir
      size: 8595
      nfiles: 20
    - path: pipelines/conf/regressor_pipeline.yaml
      hash: md5
      md5: 6d9e27fa74de2d55ea9c2a9de5076f70
      size: 1285
    - path: pipelines/train_regressor.py
      hash: md5
      md5: 76413be72026826cefeb6b5d0e5c9eaa
      size: 2188
    outs:
    - path: outputs/regressor_metrics.json
      hash: md5
      md5: e13c0cbedd0b3378699ff9118c95c140
      size: 35
