schema: '2.0'
stages:
  process_features:
    cmd: uv run python pipelines/process_features.py
    deps:
    - path: fof8-gen/data/raw
      hash: md5
      md5: 6d65a79e8705835baee9b453f347030c.dir
      size: 4524800332
      nfiles: 2854
    - path: pipelines/conf/data/
      hash: md5
      md5: 3ada724413755daedd5bf9d8815e3948.dir
      size: 575
      nfiles: 1
    - path: pipelines/conf/transform.yaml
      hash: md5
      md5: 737bb02ef2e4fa5aeb625dc9216db3eb
      size: 169
    - path: pipelines/process_features.py
      hash: md5
      md5: b3d5554f15752e16586b9ced62fb68e7
      size: 1618
    outs:
    - path: fof8-ml/data/processed/features.parquet
      hash: md5
      md5: 2151e8ca10580443191d0a32ac1f95b7
      size: 5548829
  train_model:
    cmd: uv run python pipelines/train.py
    deps:
    - path: fof8-ml/data/processed/features.parquet
      hash: md5
      md5: 2151e8ca10580443191d0a32ac1f95b7
      size: 5548829
      isexec: true
    - path: pipelines/conf/
      hash: md5
      md5: db14f758bf9b31ac1694536f36f6332c.dir
      size: 8224
      nfiles: 19
    - path: pipelines/train.py
      hash: md5
      md5: 3cf8191e58562208091961d9536c5844
      size: 11090
      isexec: true
    outs:
    - path: outputs/metrics.json
      hash: md5
      md5: ae29b755f0b4caeb9635ef475e133f00
      size: 37
  train_classifier:
    cmd: uv run python pipelines/train_classifier.py
    deps:
    - path: fof8-ml/data/processed/features.parquet
      hash: md5
      md5: 2151e8ca10580443191d0a32ac1f95b7
      size: 5548829
    - path: pipelines/conf/
      hash: md5
      md5: 83d04cd314eff237830f659392518f57.dir
      size: 8288
      nfiles: 20
    - path: pipelines/conf/classifier_pipeline.yaml
      hash: md5
      md5: 3efda015e81b55ee97f43d249cfb0a4b
      size: 1288
    - path: pipelines/train_classifier.py
      hash: md5
      md5: 0bd076505f4bfd76bdf7e8b03ab9cba1
      size: 7355
    outs:
    - path: outputs/classifier_metrics.json
      hash: md5
      md5: ae29b755f0b4caeb9635ef475e133f00
      size: 37
  train_regressor:
    cmd: uv run python pipelines/train_regressor.py
    deps:
    - path: fof8-ml/data/processed/features.parquet
      hash: md5
      md5: 2151e8ca10580443191d0a32ac1f95b7
      size: 5548829
    - path: pipelines/conf/
      hash: md5
      md5: 83d04cd314eff237830f659392518f57.dir
      size: 8288
      nfiles: 20
    - path: pipelines/conf/regressor_pipeline.yaml
      hash: md5
      md5: a3d4caed0c10109395382e133bf0eb1f
      size: 1285
    - path: pipelines/train_regressor.py
      hash: md5
      md5: c8afb95ccc37d4a3e6ca4ef9003c2846
      size: 5648
    outs:
    - path: outputs/regressor_metrics.json
      hash: md5
      md5: e13c0cbedd0b3378699ff9118c95c140
      size: 35
